{
  "originHash" : "79b29cd40e403f1c2bf797b6912a2371224c76325e8b2dc50062ef7dae43ce97",
  "pins" : [
    {
      "identity" : "attribex",
      "kind" : "remoteSourceControl",
      "location" : "http://github.com/oliveware/Attribex",
      "state" : {
        "branch" : "main",
        "revision" : "a34b7935e0ced1d2ebaac3e019d6cb70b056b438"
      }
    },
    {
      "identity" : "oware",
      "kind" : "remoteSourceControl",
      "location" : "http://github.com/oliveware/Oware",
      "state" : {
        "branch" : "main",
        "revision" : "8948c43c639d900723ac11c7d2864557fe217646"
      }
    },
    {
      "identity" : "putex",
      "kind" : "remoteSourceControl",
      "location" : "http://github.com/oliveware/Putex",
      "state" : {
        "branch" : "main",
        "revision" : "86e10bc32f3ea7bc2d652d8be04e0df3eb62cbcc"
      }
    },
    {
      "identity" : "semantex",
      "kind" : "remoteSourceControl",
      "location" : "http://github.com/oliveware/Semantex",
      "state" : {
        "branch" : "main",
        "revision" : "d9d04ffaa1f3f2c6ab8ca110569584290986b152"
      }
    }
  ],
  "version" : 3
}
