{
  "originHash" : "79b29cd40e403f1c2bf797b6912a2371224c76325e8b2dc50062ef7dae43ce97",
  "pins" : [
    {
      "identity" : "attribex",
      "kind" : "remoteSourceControl",
      "location" : "http://github.com/oliveware/Attribex",
      "state" : {
        "branch" : "main",
        "revision" : "535eb8898f6fdc89eae376e8b09e2f18945bdf45"
      }
    },
    {
      "identity" : "oware",
      "kind" : "remoteSourceControl",
      "location" : "http://github.com/oliveware/Oware",
      "state" : {
        "branch" : "main",
        "revision" : "61b7d9dd31f8bdab111eb0a5f9ac1f5051728adb"
      }
    },
    {
      "identity" : "putex",
      "kind" : "remoteSourceControl",
      "location" : "http://github.com/oliveware/Putex",
      "state" : {
        "branch" : "main",
        "revision" : "816950a5c99545a85c2ebcb6004237164f10b5a3"
      }
    },
    {
      "identity" : "semantex",
      "kind" : "remoteSourceControl",
      "location" : "http://github.com/oliveware/Semantex",
      "state" : {
        "branch" : "main",
        "revision" : "e2030c7c1b21e135955db921fbcc3265a7f7d6c6"
      }
    }
  ],
  "version" : 3
}
